// !$*UTF8*$!
{
	archiveVersion = 1;
	classes = {
	};
	objectVersion = 48;
	objects = {

/* Begin PBXBuildFile section */
		84990C02219D579600E991B3 /* main.cpp in Sources */ = {isa = PBXBuildFile; fileRef = 84990C01219D579600E991B3 /* main.cpp */; };
		84990C0E219D581E00E991B3 /* ThreeOfAKind.cpp in Sources */ = {isa = PBXBuildFile; fileRef = 84990C0C219D581E00E991B3 /* ThreeOfAKind.cpp */; };
		84990C11219D582A00E991B3 /* FourOfAKind.cpp in Sources */ = {isa = PBXBuildFile; fileRef = 84990C0F219D582A00E991B3 /* FourOfAKind.cpp */; };
		84990C27219D58A900E991B3 /* GameManager.cpp in Sources */ = {isa = PBXBuildFile; fileRef = 84990C25219D58A900E991B3 /* GameManager.cpp */; };
		84990C2A219D58B700E991B3 /* CatagoryManager.cpp in Sources */ = {isa = PBXBuildFile; fileRef = 84990C28219D58B700E991B3 /* CatagoryManager.cpp */; };
		84990C37219D6DD700E991B3 /* AllDifferent.cpp in Sources */ = {isa = PBXBuildFile; fileRef = 84990C2B219D6DD600E991B3 /* AllDifferent.cpp */; };
		84990C38219D6DD700E991B3 /* LargeStraight.cpp in Sources */ = {isa = PBXBuildFile; fileRef = 84990C2C219D6DD600E991B3 /* LargeStraight.cpp */; };
		84990C39219D6DD700E991B3 /* FullHouse.cpp in Sources */ = {isa = PBXBuildFile; fileRef = 84990C2D219D6DD600E991B3 /* FullHouse.cpp */; };
		84990C3A219D6DD700E991B3 /* Chance.cpp in Sources */ = {isa = PBXBuildFile; fileRef = 84990C2E219D6DD600E991B3 /* Chance.cpp */; };
		84990C3B219D6DD700E991B3 /* AllSame.cpp in Sources */ = {isa = PBXBuildFile; fileRef = 84990C33219D6DD700E991B3 /* AllSame.cpp */; };
		84990C3C219D6DD700E991B3 /* SmallStraight.cpp in Sources */ = {isa = PBXBuildFile; fileRef = 84990C35219D6DD700E991B3 /* SmallStraight.cpp */; };
/* End PBXBuildFile section */

/* Begin PBXCopyFilesBuildPhase section */
		84990BFC219D579600E991B3 /* CopyFiles */ = {
			isa = PBXCopyFilesBuildPhase;
			buildActionMask = 2147483647;
			dstPath = /usr/share/man/man1/;
			dstSubfolderSpec = 0;
			files = (
			);
			runOnlyForDeploymentPostprocessing = 1;
		};
/* End PBXCopyFilesBuildPhase section */

/* Begin PBXFileReference section */
		84990BFE219D579600E991B3 /* Dice */ = {isa = PBXFileReference; explicitFileType = "compiled.mach-o.executable"; includeInIndex = 0; path = Dice; sourceTree = BUILT_PRODUCTS_DIR; };
		84990C01219D579600E991B3 /* main.cpp */ = {isa = PBXFileReference; lastKnownFileType = sourcecode.cpp.cpp; path = main.cpp; sourceTree = "<group>"; };
		84990C0A219D580D00E991B3 /* ICatagory.hpp */ = {isa = PBXFileReference; lastKnownFileType = sourcecode.cpp.h; path = ICatagory.hpp; sourceTree = "<group>"; };
		84990C0C219D581E00E991B3 /* ThreeOfAKind.cpp */ = {isa = PBXFileReference; lastKnownFileType = sourcecode.cpp.cpp; path = ThreeOfAKind.cpp; sourceTree = "<group>"; };
		84990C0D219D581E00E991B3 /* ThreeOfAKind.hpp */ = {isa = PBXFileReference; lastKnownFileType = sourcecode.cpp.h; path = ThreeOfAKind.hpp; sourceTree = "<group>"; };
		84990C0F219D582A00E991B3 /* FourOfAKind.cpp */ = {isa = PBXFileReference; lastKnownFileType = sourcecode.cpp.cpp; path = FourOfAKind.cpp; sourceTree = "<group>"; };
		84990C10219D582A00E991B3 /* FourOfAKind.hpp */ = {isa = PBXFileReference; lastKnownFileType = sourcecode.cpp.h; path = FourOfAKind.hpp; sourceTree = "<group>"; };
		84990C24219D588000E991B3 /* config.h */ = {isa = PBXFileReference; lastKnownFileType = sourcecode.c.h; path = config.h; sourceTree = "<group>"; };
		84990C25219D58A900E991B3 /* GameManager.cpp */ = {isa = PBXFileReference; lastKnownFileType = sourcecode.cpp.cpp; path = GameManager.cpp; sourceTree = "<group>"; };
		84990C26219D58A900E991B3 /* GameManager.hpp */ = {isa = PBXFileReference; lastKnownFileType = sourcecode.cpp.h; path = GameManager.hpp; sourceTree = "<group>"; };
		84990C28219D58B700E991B3 /* CatagoryManager.cpp */ = {isa = PBXFileReference; lastKnownFileType = sourcecode.cpp.cpp; path = CatagoryManager.cpp; sourceTree = "<group>"; };
		84990C29219D58B700E991B3 /* CatagoryManager.hpp */ = {isa = PBXFileReference; lastKnownFileType = sourcecode.cpp.h; path = CatagoryManager.hpp; sourceTree = "<group>"; };
		84990C2B219D6DD600E991B3 /* AllDifferent.cpp */ = {isa = PBXFileReference; fileEncoding = 4; lastKnownFileType = sourcecode.cpp.cpp; path = AllDifferent.cpp; sourceTree = "<group>"; };
		84990C2C219D6DD600E991B3 /* LargeStraight.cpp */ = {isa = PBXFileReference; fileEncoding = 4; lastKnownFileType = sourcecode.cpp.cpp; path = LargeStraight.cpp; sourceTree = "<group>"; };
		84990C2D219D6DD600E991B3 /* FullHouse.cpp */ = {isa = PBXFileReference; fileEncoding = 4; lastKnownFileType = sourcecode.cpp.cpp; path = FullHouse.cpp; sourceTree = "<group>"; };
		84990C2E219D6DD600E991B3 /* Chance.cpp */ = {isa = PBXFileReference; fileEncoding = 4; lastKnownFileType = sourcecode.cpp.cpp; path = Chance.cpp; sourceTree = "<group>"; };
		84990C2F219D6DD600E991B3 /* Chance.hpp */ = {isa = PBXFileReference; fileEncoding = 4; lastKnownFileType = sourcecode.cpp.h; path = Chance.hpp; sourceTree = "<group>"; };
		84990C30219D6DD700E991B3 /* AllSame.hpp */ = {isa = PBXFileReference; fileEncoding = 4; lastKnownFileType = sourcecode.cpp.h; path = AllSame.hpp; sourceTree = "<group>"; };
		84990C31219D6DD700E991B3 /* FullHouse.hpp */ = {isa = PBXFileReference; fileEncoding = 4; lastKnownFileType = sourcecode.cpp.h; path = FullHouse.hpp; sourceTree = "<group>"; };
		84990C32219D6DD700E991B3 /* AllDifferent.hpp */ = {isa = PBXFileReference; fileEncoding = 4; lastKnownFileType = sourcecode.cpp.h; path = AllDifferent.hpp; sourceTree = "<group>"; };
		84990C33219D6DD700E991B3 /* AllSame.cpp */ = {isa = PBXFileReference; fileEncoding = 4; lastKnownFileType = sourcecode.cpp.cpp; path = AllSame.cpp; sourceTree = "<group>"; };
		84990C34219D6DD700E991B3 /* LargeStraight.hpp */ = {isa = PBXFileReference; fileEncoding = 4; lastKnownFileType = sourcecode.cpp.h; path = LargeStraight.hpp; sourceTree = "<group>"; };
		84990C35219D6DD700E991B3 /* SmallStraight.cpp */ = {isa = PBXFileReference; fileEncoding = 4; lastKnownFileType = sourcecode.cpp.cpp; path = SmallStraight.cpp; sourceTree = "<group>"; };
		84990C36219D6DD700E991B3 /* SmallStraight.hpp */ = {isa = PBXFileReference; fileEncoding = 4; lastKnownFileType = sourcecode.cpp.h; path = SmallStraight.hpp; sourceTree = "<group>"; };
/* End PBXFileReference section */

/* Begin PBXFrameworksBuildPhase section */
		84990BFB219D579600E991B3 /* Frameworks */ = {
			isa = PBXFrameworksBuildPhase;
			buildActionMask = 2147483647;
			files = (
			);
			runOnlyForDeploymentPostprocessing = 0;
		};
/* End PBXFrameworksBuildPhase section */

/* Begin PBXGroup section */
		84990BF5219D579600E991B3 = {
			isa = PBXGroup;
			children = (
				84990C00219D579600E991B3 /* Dice */,
				84990BFF219D579600E991B3 /* Products */,
			);
			sourceTree = "<group>";
		};
		84990BFF219D579600E991B3 /* Products */ = {
			isa = PBXGroup;
			children = (
				84990BFE219D579600E991B3 /* Dice */,
			);
			name = Products;
			sourceTree = "<group>";
		};
		84990C00219D579600E991B3 /* Dice */ = {
			isa = PBXGroup;
			children = (
				84990C08219D57F700E991B3 /* Catagory */,
				84990C01219D579600E991B3 /* main.cpp */,
				84990C24219D588000E991B3 /* config.h */,
				84990C25219D58A900E991B3 /* GameManager.cpp */,
				84990C26219D58A900E991B3 /* GameManager.hpp */,
				84990C28219D58B700E991B3 /* CatagoryManager.cpp */,
				84990C29219D58B700E991B3 /* CatagoryManager.hpp */,
			);
			path = Dice;
			sourceTree = "<group>";
		};
		84990C08219D57F700E991B3 /* Catagory */ = {
			isa = PBXGroup;
			children = (
				84990C0A219D580D00E991B3 /* ICatagory.hpp */,
				84990C0C219D581E00E991B3 /* ThreeOfAKind.cpp */,
				84990C0D219D581E00E991B3 /* ThreeOfAKind.hpp */,
				84990C0F219D582A00E991B3 /* FourOfAKind.cpp */,
				84990C10219D582A00E991B3 /* FourOfAKind.hpp */,
				84990C2D219D6DD600E991B3 /* FullHouse.cpp */,
				84990C31219D6DD700E991B3 /* FullHouse.hpp */,
				84990C35219D6DD700E991B3 /* SmallStraight.cpp */,
				84990C36219D6DD700E991B3 /* SmallStraight.hpp */,
				84990C2C219D6DD600E991B3 /* LargeStraight.cpp */,
				84990C34219D6DD700E991B3 /* LargeStraight.hpp */,
				84990C2B219D6DD600E991B3 /* AllDifferent.cpp */,
				84990C32219D6DD700E991B3 /* AllDifferent.hpp */,
				84990C2E219D6DD600E991B3 /* Chance.cpp */,
				84990C2F219D6DD600E991B3 /* Chance.hpp */,
				84990C33219D6DD700E991B3 /* AllSame.cpp */,
				84990C30219D6DD700E991B3 /* AllSame.hpp */,
			);
			path = Catagory;
			sourceTree = "<group>";
		};
/* End PBXGroup section */

/* Begin PBXNativeTarget section */
		84990BFD219D579600E991B3 /* Dice */ = {
			isa = PBXNativeTarget;
			buildConfigurationList = 84990C05219D579600E991B3 /* Build configuration list for PBXNativeTarget "Dice" */;
			buildPhases = (
				84990BFA219D579600E991B3 /* Sources */,
				84990BFB219D579600E991B3 /* Frameworks */,
				84990BFC219D579600E991B3 /* CopyFiles */,
			);
			buildRules = (
			);
			dependencies = (
			);
			name = Dice;
			productName = Dice;
			productReference = 84990BFE219D579600E991B3 /* Dice */;
			productType = "com.apple.product-type.tool";
		};
/* End PBXNativeTarget section */

/* Begin PBXProject section */
		84990BF6219D579600E991B3 /* Project object */ = {
			isa = PBXProject;
			attributes = {
				LastUpgradeCheck = 0920;
				ORGANIZATIONNAME = "Zhennian Liang";
				TargetAttributes = {
					84990BFD219D579600E991B3 = {
						CreatedOnToolsVersion = 9.2;
						ProvisioningStyle = Automatic;
					};
				};
			};
			buildConfigurationList = 84990BF9219D579600E991B3 /* Build configuration list for PBXProject "Dice" */;
			compatibilityVersion = "Xcode 8.0";
			developmentRegion = en;
			hasScannedForEncodings = 0;
			knownRegions = (
				en,
			);
			mainGroup = 84990BF5219D579600E991B3;
			productRefGroup = 84990BFF219D579600E991B3 /* Products */;
			projectDirPath = "";
			projectRoot = "";
			targets = (
				84990BFD219D579600E991B3 /* Dice */,
			);
		};
/* End PBXProject section */

/* Begin PBXSourcesBuildPhase section */
		84990BFA219D579600E991B3 /* Sources */ = {
			isa = PBXSourcesBuildPhase;
			buildActionMask = 2147483647;
			files = (
				84990C3C219D6DD700E991B3 /* SmallStraight.cpp in Sources */,
				84990C38219D6DD700E991B3 /* LargeStraight.cpp in Sources */,
				84990C11219D582A00E991B3 /* FourOfAKind.cpp in Sources */,
				84990C37219D6DD700E991B3 /* AllDifferent.cpp in Sources */,
				84990C3A219D6DD700E991B3 /* Chance.cpp in Sources */,
				84990C27219D58A900E991B3 /* GameManager.cpp in Sources */,
				84990C3B219D6DD700E991B3 /* AllSame.cpp in Sources */,
				84990C02219D579600E991B3 /* main.cpp in Sources */,
				84990C39219D6DD700E991B3 /* FullHouse.cpp in Sources */,
				84990C2A219D58B700E991B3 /* CatagoryManager.cpp in Sources */,
				84990C0E219D581E00E991B3 /* ThreeOfAKind.cpp in Sources */,
			);
			runOnlyForDeploymentPostprocessing = 0;
		};
/* End PBXSourcesBuildPhase section */

/* Begin XCBuildConfiguration section */
		84990C03219D579600E991B3 /* Debug */ = {
			isa = XCBuildConfiguration;
			buildSettings = {
				ALWAYS_SEARCH_USER_PATHS = NO;
				CLANG_ANALYZER_NONNULL = YES;
				CLANG_ANALYZER_NUMBER_OBJECT_CONVERSION = YES_AGGRESSIVE;
				CLANG_CXX_LANGUAGE_STANDARD = "gnu++14";
				CLANG_CXX_LIBRARY = "libc++";
				CLANG_ENABLE_MODULES = YES;
				CLANG_ENABLE_OBJC_ARC = YES;
				CLANG_WARN_BLOCK_CAPTURE_AUTORELEASING = YES;
				CLANG_WARN_BOOL_CONVERSION = YES;
				CLANG_WARN_COMMA = YES;
				CLANG_WARN_CONSTANT_CONVERSION = YES;
				CLANG_WARN_DIRECT_OBJC_ISA_USAGE = YES_ERROR;
				CLANG_WARN_DOCUMENTATION_COMMENTS = YES;
				CLANG_WARN_EMPTY_BODY = YES;
				CLANG_WARN_ENUM_CONVERSION = YES;
				CLANG_WARN_INFINITE_RECURSION = YES;
				CLANG_WARN_INT_CONVERSION = YES;
				CLANG_WARN_NON_LITERAL_NULL_CONVERSION = YES;
				CLANG_WARN_OBJC_LITERAL_CONVERSION = YES;
				CLANG_WARN_OBJC_ROOT_CLASS = YES_ERROR;
				CLANG_WARN_RANGE_LOOP_ANALYSIS = YES;
				CLANG_WARN_STRICT_PROTOTYPES = YES;
				CLANG_WARN_SUSPICIOUS_MOVE = YES;
				CLANG_WARN_UNGUARDED_AVAILABILITY = YES_AGGRESSIVE;
				CLANG_WARN_UNREACHABLE_CODE = YES;
				CLANG_WARN__DUPLICATE_METHOD_MATCH = YES;
				CODE_SIGN_IDENTITY = "-";
				COPY_PHASE_STRIP = NO;
				DEBUG_INFORMATION_FORMAT = dwarf;
				ENABLE_STRICT_OBJC_MSGSEND = YES;
				ENABLE_TESTABILITY = YES;
				GCC_C_LANGUAGE_STANDARD = gnu11;
				GCC_DYNAMIC_NO_PIC = NO;
				GCC_NO_COMMON_BLOCKS = YES;
				GCC_OPTIMIZATION_LEVEL = 0;
				GCC_PREPROCESSOR_DEFINITIONS = (
					"DEBUG=1",
					"$(inherited)",
				);
				GCC_WARN_64_TO_32_BIT_CONVERSION = YES;
				GCC_WARN_ABOUT_RETURN_TYPE = YES_ERROR;
				GCC_WARN_UNDECLARED_SELECTOR = YES;
				GCC_WARN_UNINITIALIZED_AUTOS = YES_AGGRESSIVE;
				GCC_WARN_UNUSED_FUNCTION = YES;
				GCC_WARN_UNUSED_VARIABLE = YES;
				MACOSX_DEPLOYMENT_TARGET = 10.12;
				MTL_ENABLE_DEBUG_INFO = YES;
				ONLY_ACTIVE_ARCH = YES;
				SDKROOT = macosx;
			};
			name = Debug;
		};
		84990C04219D579600E991B3 /* Release */ = {
			isa = XCBuildConfiguration;
			buildSettings = {
				ALWAYS_SEARCH_USER_PATHS = NO;
				CLANG_ANALYZER_NONNULL = YES;
				CLANG_ANALYZER_NUMBER_OBJECT_CONVERSION = YES_AGGRESSIVE;
				CLANG_CXX_LANGUAGE_STANDARD = "gnu++14";
				CLANG_CXX_LIBRARY = "libc++";
				CLANG_ENABLE_MODULES = YES;
				CLANG_ENABLE_OBJC_ARC = YES;
				CLANG_WARN_BLOCK_CAPTURE_AUTORELEASING = YES;
				CLANG_WARN_BOOL_CONVERSION = YES;
				CLANG_WARN_COMMA = YES;
				CLANG_WARN_CONSTANT_CONVERSION = YES;
				CLANG_WARN_DIRECT_OBJC_ISA_USAGE = YES_ERROR;
				CLANG_WARN_DOCUMENTATION_COMMENTS = YES;
				CLANG_WARN_EMPTY_BODY = YES;
				CLANG_WARN_ENUM_CONVERSION = YES;
				CLANG_WARN_INFINITE_RECURSION = YES;
				CLANG_WARN_INT_CONVERSION = YES;
				CLANG_WARN_NON_LITERAL_NULL_CONVERSION = YES;
				CLANG_WARN_OBJC_LITERAL_CONVERSION = YES;
				CLANG_WARN_OBJC_ROOT_CLASS = YES_ERROR;
				CLANG_WARN_RANGE_LOOP_ANALYSIS = YES;
				CLANG_WARN_STRICT_PROTOTYPES = YES;
				CLANG_WARN_SUSPICIOUS_MOVE = YES;
				CLANG_WARN_UNGUARDED_AVAILABILITY = YES_AGGRESSIVE;
				CLANG_WARN_UNREACHABLE_CODE = YES;
				CLANG_WARN__DUPLICATE_METHOD_MATCH = YES;
				CODE_SIGN_IDENTITY = "-";
				COPY_PHASE_STRIP = NO;
				DEBUG_INFORMATION_FORMAT = "dwarf-with-dsym";
				ENABLE_NS_ASSERTIONS = NO;
				ENABLE_STRICT_OBJC_MSGSEND = YES;
				GCC_C_LANGUAGE_STANDARD = gnu11;
				GCC_NO_COMMON_BLOCKS = YES;
				GCC_WARN_64_TO_32_BIT_CONVERSION = YES;
				GCC_WARN_ABOUT_RETURN_TYPE = YES_ERROR;
				GCC_WARN_UNDECLARED_SELECTOR = YES;
				GCC_WARN_UNINITIALIZED_AUTOS = YES_AGGRESSIVE;
				GCC_WARN_UNUSED_FUNCTION = YES;
				GCC_WARN_UNUSED_VARIABLE = YES;
				MACOSX_DEPLOYMENT_TARGET = 10.12;
				MTL_ENABLE_DEBUG_INFO = NO;
				SDKROOT = macosx;
			};
			name = Release;
		};
		84990C06219D579600E991B3 /* Debug */ = {
			isa = XCBuildConfiguration;
			buildSettings = {
				CODE_SIGN_STYLE = Automatic;
				PRODUCT_NAME = "$(TARGET_NAME)";
			};
			name = Debug;
		};
		84990C07219D579600E991B3 /* Release */ = {
			isa = XCBuildConfiguration;
			buildSettings = {
				CODE_SIGN_STYLE = Automatic;
				PRODUCT_NAME = "$(TARGET_NAME)";
			};
			name = Release;
		};
/* End XCBuildConfiguration section */

/* Begin XCConfigurationList section */
		84990BF9219D579600E991B3 /* Build configuration list for PBXProject "Dice" */ = {
			isa = XCConfigurationList;
			buildConfigurations = (
				84990C03219D579600E991B3 /* Debug */,
				84990C04219D579600E991B3 /* Release */,
			);
			defaultConfigurationIsVisible = 0;
			defaultConfigurationName = Release;
		};
		84990C05219D579600E991B3 /* Build configuration list for PBXNativeTarget "Dice" */ = {
			isa = XCConfigurationList;
			buildConfigurations = (
				84990C06219D579600E991B3 /* Debug */,
				84990C07219D579600E991B3 /* Release */,
			);
			defaultConfigurationIsVisible = 0;
			defaultConfigurationName = Release;
		};
/* End XCConfigurationList section */
	};
	rootObject = 84990BF6219D579600E991B3 /* Project object */;
}
